
Microsoft Visual Studio Solution File, Format Version 12.00
# Visual Studio Version 17
VisualStudioVersion = 17.5.33530.505
MinimumVisualStudioVersion = 10.0.40219.1
Project("{9A19103F-16F7-4668-BE54-9A1E7A4F7556}") = "Introduction", "Introduction\Introduction.csproj", "{5469E530-17B6-4D8F-A915-83F3C079DFEC}"
EndProject
Project("{9A19103F-16F7-4668-BE54-9A1E7A4F7556}") = "RoutingDemo", "RoutingDemo\RoutingDemo.csproj", "{694450E5-26A8-4DAD-A930-469B8D3A6284}"
EndProject
Project("{9A19103F-16F7-4668-BE54-9A1E7A4F7556}") = "ViewDemo", "ViewDemo\ViewDemo.csproj", "{524BFC59-A572-49BE-A4FB-5386004C0FCC}"
EndProject
Project("{9A19103F-16F7-4668-BE54-9A1E7A4F7556}") = "AdoDotNetDemo", "AdoDotNetDemo\AdoDotNetDemo.csproj", "{5860E5FE-92BB-4CFC-985A-051E8AC2E07C}"
EndProject
Project("{9A19103F-16F7-4668-BE54-9A1E7A4F7556}") = "AreasDemo", "AreasDemo\AreasDemo.csproj", "{B484245B-8123-41B5-8A88-47C4F0FD1E50}"
EndProject
Project("{9A19103F-16F7-4668-BE54-9A1E7A4F7556}") = "DataTransferTechDemo", "DataTransferTechDemo\DataTransferTechDemo.csproj", "{02C0B87C-EF8D-44F8-8F57-0FF70D249F17}"
EndProject
Project("{9A19103F-16F7-4668-BE54-9A1E7A4F7556}") = "ValidationDemo", "ValidationDemo\ValidationDemo.csproj", "{20AF55B0-5671-4306-8C5A-0E70B809B2EB}"
EndProject
Project("{9A19103F-16F7-4668-BE54-9A1E7A4F7556}") = "FilterDemo", "FilterDemo\FilterDemo.csproj", "{63D360AB-B89D-4130-AC21-C5D69117B532}"
EndProject
Project("{9A19103F-16F7-4668-BE54-9A1E7A4F7556}") = "DbfirstApproachesDemo", "DbfirstApproachesDemo\DbfirstApproachesDemo.csproj", "{F62FE3DD-B197-4434-BA02-6D255AAE5806}"
EndProject
Project("{2150E333-8FDC-42A3-9474-1A3956D46DE8}") = "WebApi", "WebApi", "{CA539490-F2FD-47FD-93D3-83331A68EE94}"
EndProject
Project("{9A19103F-16F7-4668-BE54-9A1E7A4F7556}") = "WebApiDemo", "WebApiDemo\WebApiDemo.csproj", "{9697218A-0754-421E-9A67-E8D49CAF8EC7}"
EndProject
Project("{9A19103F-16F7-4668-BE54-9A1E7A4F7556}") = "Web", "Web\Web.csproj", "{417D54AF-120B-4A73-B5FA-CD005D0798FF}"
EndProject
Project("{FAE04EC0-301F-11D3-BF4B-00C04F79EFBC}") = "ApiConsumeDemo", "ApiConsumeDemo\ApiConsumeDemo.csproj", "{7329E4FE-6F58-40F9-AAB0-F13CFF7DD140}"
EndProject
Global
	GlobalSection(SolutionConfigurationPlatforms) = preSolution
		Debug|Any CPU = Debug|Any CPU
		Release|Any CPU = Release|Any CPU
	EndGlobalSection
	GlobalSection(ProjectConfigurationPlatforms) = postSolution
		{5469E530-17B6-4D8F-A915-83F3C079DFEC}.Debug|Any CPU.ActiveCfg = Debug|Any CPU
		{5469E530-17B6-4D8F-A915-83F3C079DFEC}.Debug|Any CPU.Build.0 = Debug|Any CPU
		{5469E530-17B6-4D8F-A915-83F3C079DFEC}.Release|Any CPU.ActiveCfg = Release|Any CPU
		{5469E530-17B6-4D8F-A915-83F3C079DFEC}.Release|Any CPU.Build.0 = Release|Any CPU
		{694450E5-26A8-4DAD-A930-469B8D3A6284}.Debug|Any CPU.ActiveCfg = Debug|Any CPU
		{694450E5-26A8-4DAD-A930-469B8D3A6284}.Debug|Any CPU.Build.0 = Debug|Any CPU
		{694450E5-26A8-4DAD-A930-469B8D3A6284}.Release|Any CPU.ActiveCfg = Release|Any CPU
		{694450E5-26A8-4DAD-A930-469B8D3A6284}.Release|Any CPU.Build.0 = Release|Any CPU
		{524BFC59-A572-49BE-A4FB-5386004C0FCC}.Debug|Any CPU.ActiveCfg = Debug|Any CPU
		{524BFC59-A572-49BE-A4FB-5386004C0FCC}.Debug|Any CPU.Build.0 = Debug|Any CPU
		{524BFC59-A572-49BE-A4FB-5386004C0FCC}.Release|Any CPU.ActiveCfg = Release|Any CPU
		{524BFC59-A572-49BE-A4FB-5386004C0FCC}.Release|Any CPU.Build.0 = Release|Any CPU
		{5860E5FE-92BB-4CFC-985A-051E8AC2E07C}.Debug|Any CPU.ActiveCfg = Debug|Any CPU
		{5860E5FE-92BB-4CFC-985A-051E8AC2E07C}.Debug|Any CPU.Build.0 = Debug|Any CPU
		{5860E5FE-92BB-4CFC-985A-051E8AC2E07C}.Release|Any CPU.ActiveCfg = Release|Any CPU
		{5860E5FE-92BB-4CFC-985A-051E8AC2E07C}.Release|Any CPU.Build.0 = Release|Any CPU
		{B484245B-8123-41B5-8A88-47C4F0FD1E50}.Debug|Any CPU.ActiveCfg = Debug|Any CPU
		{B484245B-8123-41B5-8A88-47C4F0FD1E50}.Debug|Any CPU.Build.0 = Debug|Any CPU
		{B484245B-8123-41B5-8A88-47C4F0FD1E50}.Release|Any CPU.ActiveCfg = Release|Any CPU
		{B484245B-8123-41B5-8A88-47C4F0FD1E50}.Release|Any CPU.Build.0 = Release|Any CPU
		{02C0B87C-EF8D-44F8-8F57-0FF70D249F17}.Debug|Any CPU.ActiveCfg = Debug|Any CPU
		{02C0B87C-EF8D-44F8-8F57-0FF70D249F17}.Debug|Any CPU.Build.0 = Debug|Any CPU
		{02C0B87C-EF8D-44F8-8F57-0FF70D249F17}.Release|Any CPU.ActiveCfg = Release|Any CPU
		{02C0B87C-EF8D-44F8-8F57-0FF70D249F17}.Release|Any CPU.Build.0 = Release|Any CPU
		{20AF55B0-5671-4306-8C5A-0E70B809B2EB}.Debug|Any CPU.ActiveCfg = Debug|Any CPU
		{20AF55B0-5671-4306-8C5A-0E70B809B2EB}.Debug|Any CPU.Build.0 = Debug|Any CPU
		{20AF55B0-5671-4306-8C5A-0E70B809B2EB}.Release|Any CPU.ActiveCfg = Release|Any CPU
		{20AF55B0-5671-4306-8C5A-0E70B809B2EB}.Release|Any CPU.Build.0 = Release|Any CPU
		{63D360AB-B89D-4130-AC21-C5D69117B532}.Debug|Any CPU.ActiveCfg = Debug|Any CPU
		{63D360AB-B89D-4130-AC21-C5D69117B532}.Debug|Any CPU.Build.0 = Debug|Any CPU
		{63D360AB-B89D-4130-AC21-C5D69117B532}.Release|Any CPU.ActiveCfg = Release|Any CPU
		{63D360AB-B89D-4130-AC21-C5D69117B532}.Release|Any CPU.Build.0 = Release|Any CPU
		{F62FE3DD-B197-4434-BA02-6D255AAE5806}.Debug|Any CPU.ActiveCfg = Debug|Any CPU
		{F62FE3DD-B197-4434-BA02-6D255AAE5806}.Debug|Any CPU.Build.0 = Debug|Any CPU
		{F62FE3DD-B197-4434-BA02-6D255AAE5806}.Release|Any CPU.ActiveCfg = Release|Any CPU
		{F62FE3DD-B197-4434-BA02-6D255AAE5806}.Release|Any CPU.Build.0 = Release|Any CPU
		{9697218A-0754-421E-9A67-E8D49CAF8EC7}.Debug|Any CPU.ActiveCfg = Debug|Any CPU
		{9697218A-0754-421E-9A67-E8D49CAF8EC7}.Debug|Any CPU.Build.0 = Debug|Any CPU
		{9697218A-0754-421E-9A67-E8D49CAF8EC7}.Release|Any CPU.ActiveCfg = Release|Any CPU
		{9697218A-0754-421E-9A67-E8D49CAF8EC7}.Release|Any CPU.Build.0 = Release|Any CPU
		{417D54AF-120B-4A73-B5FA-CD005D0798FF}.Debug|Any CPU.ActiveCfg = Debug|Any CPU
		{417D54AF-120B-4A73-B5FA-CD005D0798FF}.Debug|Any CPU.Build.0 = Debug|Any CPU
		{417D54AF-120B-4A73-B5FA-CD005D0798FF}.Release|Any CPU.ActiveCfg = Release|Any CPU
		{417D54AF-120B-4A73-B5FA-CD005D0798FF}.Release|Any CPU.Build.0 = Release|Any CPU
		{7329E4FE-6F58-40F9-AAB0-F13CFF7DD140}.Debug|Any CPU.ActiveCfg = Debug|Any CPU
		{7329E4FE-6F58-40F9-AAB0-F13CFF7DD140}.Debug|Any CPU.Build.0 = Debug|Any CPU
		{7329E4FE-6F58-40F9-AAB0-F13CFF7DD140}.Release|Any CPU.ActiveCfg = Release|Any CPU
		{7329E4FE-6F58-40F9-AAB0-F13CFF7DD140}.Release|Any CPU.Build.0 = Release|Any CPU
	EndGlobalSection
	GlobalSection(SolutionProperties) = preSolution
		HideSolutionNode = FALSE
	EndGlobalSection
	GlobalSection(NestedProjects) = preSolution
		{9697218A-0754-421E-9A67-E8D49CAF8EC7} = {CA539490-F2FD-47FD-93D3-83331A68EE94}
		{417D54AF-120B-4A73-B5FA-CD005D0798FF} = {CA539490-F2FD-47FD-93D3-83331A68EE94}
		{7329E4FE-6F58-40F9-AAB0-F13CFF7DD140} = {CA539490-F2FD-47FD-93D3-83331A68EE94}
	EndGlobalSection
	GlobalSection(ExtensibilityGlobals) = postSolution
		SolutionGuid = {065AEBAC-759D-419D-BF4D-085818154E72}
	EndGlobalSection
EndGlobal
